
Microsoft Visual Studio Solution File, Format Version 12.00
# Visual Studio Version 17
VisualStudioVersion = 17.10.35027.167
MinimumVisualStudioVersion = 10.0.40219.1
Project("{2150E333-8FDC-42A3-9474-1A3956D46DE8}") = "1 - Api", "1 - Api", "{DCA659E7-64A0-47A1-BD5F-6FAA7A08445A}"
EndProject
Project("{2150E333-8FDC-42A3-9474-1A3956D46DE8}") = "2 - Application", "2 - Application", "{B7DBCBA3-D06A-4EEB-A5F7-156404DF19F1}"
EndProject
Project("{2150E333-8FDC-42A3-9474-1A3956D46DE8}") = "3 - Domain", "3 - Domain", "{F4E2D591-B541-4A5C-AF29-AF0C296B1A7E}"
EndProject
Project("{2150E333-8FDC-42A3-9474-1A3956D46DE8}") = "4 - Infra", "4 - Infra", "{E7F0CCC3-B1B9-4A69-BD73-686655E5B71E}"
EndProject
Project("{9A19103F-16F7-4668-BE54-9A1E7A4F7556}") = "FIAP.FaseUm.TechChallenge.Api", "src\FIAP.FaseUm.TechChallenge.Api\FIAP.FaseUm.TechChallenge.Api.csproj", "{554A6218-E6D0-4C1D-A272-91BE26E854E9}"
EndProject
Project("{9A19103F-16F7-4668-BE54-9A1E7A4F7556}") = "FIAP.FaseUm.TechChallenge.Application", "src\FIAP.FaseUm.TechChallenge.Application\FIAP.FaseUm.TechChallenge.Application.csproj", "{EDE737F6-5984-4EDA-8248-7D85359B1140}"
EndProject
Project("{9A19103F-16F7-4668-BE54-9A1E7A4F7556}") = "FIAP.FaseUm.TechChallenge.Domain", "src\FIAP.FaseUm.TechChallenge.Domain\FIAP.FaseUm.TechChallenge.Domain.csproj", "{08F5997F-D028-4783-B88B-0772C9FFE04B}"
EndProject
Project("{2150E333-8FDC-42A3-9474-1A3956D46DE8}") = "4.1 - Data", "4.1 - Data", "{A79FE4E2-74B1-4F5D-8EA0-EDFA05F92386}"
EndProject
Project("{2150E333-8FDC-42A3-9474-1A3956D46DE8}") = "5 - CrossCutting", "5 - CrossCutting", "{B0A8211E-DF77-49E6-BFF2-9831FCB4EE18}"
EndProject
Project("{2150E333-8FDC-42A3-9474-1A3956D46DE8}") = "5.1 - Custom", "5.1 - Custom", "{FC6D5829-81CD-4467-97AC-9CF6FB904DB0}"
EndProject
Project("{2150E333-8FDC-42A3-9474-1A3956D46DE8}") = "5.2 - Extensions", "5.2 - Extensions", "{70644BF4-3296-41FC-9C63-72F729041B06}"
EndProject
Project("{9A19103F-16F7-4668-BE54-9A1E7A4F7556}") = "FIAP.FaseUm.TechChallenge.Custom.Exceptions", "src\FIAP.FaseUm.TechChallenge.Custom.Exceptions\FIAP.FaseUm.TechChallenge.Custom.Exceptions.csproj", "{B07B6BEF-A15E-4E4C-837A-55DC36E600BA}"
EndProject
Project("{9A19103F-16F7-4668-BE54-9A1E7A4F7556}") = "FIAP.FaseUm.TechChallenge.Infra.Data", "src\FIAP.FaseUm.TechChallenge.Infra.Data\FIAP.FaseUm.TechChallenge.Infra.Data.csproj", "{E105F07B-A29D-41A5-911E-4D5CC0401109}"
EndProject
Project("{9A19103F-16F7-4668-BE54-9A1E7A4F7556}") = "FIAP.FaseUm.TechChallenge.Extensions", "src\FIAP.FaseUm.TechChallenge.Extensions\FIAP.FaseUm.TechChallenge.Extensions.csproj", "{3A83B9DD-4AF4-4DB6-A9A6-E5B979742C76}"
EndProject
Project("{2150E333-8FDC-42A3-9474-1A3956D46DE8}") = "5.3 - IoC", "5.3 - IoC", "{1DC89F14-680B-461B-ABA6-E08641B73551}"
EndProject
Project("{9A19103F-16F7-4668-BE54-9A1E7A4F7556}") = "FIAP.FaseUm.TechChallenge.IoC", "src\FIAP.FaseUm.TechChallenge.IoC\FIAP.FaseUm.TechChallenge.IoC.csproj", "{4CA3B3DB-1E0D-4A7F-BE66-5F917656C36D}"
EndProject
Project("{2150E333-8FDC-42A3-9474-1A3956D46DE8}") = "6 - Tests", "6 - Tests", "{EC808001-A156-4F0E-8F4F-14DDA3B2F087}"
EndProject
Project("{9A19103F-16F7-4668-BE54-9A1E7A4F7556}") = "FIAP.FaseUm.TechChallenge.Domain.Tests", "tests\FIAP.FaseUm.TechChallenge.Domain.Tests\FIAP.FaseUm.TechChallenge.Domain.Tests.csproj", "{2792BE55-D65F-4F28-8D40-D311BC2D7FCB}"
EndProject
Project("{9A19103F-16F7-4668-BE54-9A1E7A4F7556}") = "FIAP.FaseUm.TechChallenge.Tests", "src\FIAP.FaseUm.TechChallenge.Tests\FIAP.FaseUm.TechChallenge.Tests.csproj", "{7EA224C2-5DCA-4975-A879-CD304DC8AEC9}"
EndProject
Project("{9A19103F-16F7-4668-BE54-9A1E7A4F7556}") = "FIAP.FaseUm.TechChallenge.Application.Tests", "tests\FIAP.FaseUm.TechChallenge.Application.Tests\FIAP.FaseUm.TechChallenge.Application.Tests.csproj", "{0B5AED69-F24A-455D-808D-C949D104A4E2}"
EndProject
Project("{FAE04EC0-301F-11D3-BF4B-00C04F79EFBC}") = "FIAP.FaseUm.TechChallenge.Api.Tests", "tests\FIAP.FaseUm.TechChallenge.Api.Tests\FIAP.FaseUm.TechChallenge.Api.Tests.csproj", "{A2E44942-4474-4B96-A3F9-02DEDF01CDA7}"
EndProject
Project("{E53339B2-1760-4266-BCC7-CA923CBCF16C}") = "docker-compose", "docker-compose.dcproj", "{5400972A-01E3-4EBC-B739-CA15B68778C0}"
EndProject
Project("{2150E333-8FDC-42A3-9474-1A3956D46DE8}") = "Solution Items", "Solution Items", "{EF1A6C2C-DDFA-48D8-A3DC-1889FB540747}"
	ProjectSection(SolutionItems) = preProject
		prometheus.yml = prometheus.yml
	EndProjectSection
EndProject
Project("{2150E333-8FDC-42A3-9474-1A3956D46DE8}") = "0 - Workers", "0 - Workers", "{B24CE7B5-EA83-4826-BA9D-7CF4862C6AAA}"
EndProject
Project("{FAE04EC0-301F-11D3-BF4B-00C04F79EFBC}") = "FIAP.FaseUm.TechChallenge.Infra.Messaging", "src\FIAP.FaseUm.TechChallenge.Infra.Messaging\FIAP.FaseUm.TechChallenge.Infra.Messaging.csproj", "{9A4E1A18-D510-4CF9-BD87-79D2B45CF023}"
EndProject
Project("{FAE04EC0-301F-11D3-BF4B-00C04F79EFBC}") = "FIAP.FaseUm.TechChallenge.Worker", "src\FIAP.FaseUm.TechChallenge.Worker\FIAP.FaseUm.TechChallenge.Worker.csproj", "{EA274B58-E2B4-4B60-BE19-D33384EA2E43}"
EndProject
Project("{2150E333-8FDC-42A3-9474-1A3956D46DE8}") = "pods", "pods", "{43668690-6721-4138-AD71-ADF9AB1F3493}"
	ProjectSection(SolutionItems) = preProject
		configmap.yaml = configmap.yaml
		sqlserver-pvc.yaml = sqlserver-pvc.yaml
		prometheus-pvc.yaml = prometheus-pvc.yaml
		grafana-datasource.yaml = grafana-datasource.yaml
	EndProjectSection
EndProject
Project("{2150E333-8FDC-42A3-9474-1A3956D46DE8}") = "deployment", "deployment", "{5E84A2AF-0B4C-41E1-98BE-BA0FCEB83585}"
	ProjectSection(SolutionItems) = preProject
		deployment-grafana.yaml = deployment-grafana.yaml
		deployment-prometheus.yaml = deployment-prometheus.yaml
		deployment-rabbitmq.yaml = deployment-rabbitmq.yaml
		deployment-sql.yaml = deployment-sql.yaml
		deployment-worker.yaml = deployment-worker.yaml
		deployment-api.yaml = deployment-api.yaml
	EndProjectSection
EndProject
Project("{2150E333-8FDC-42A3-9474-1A3956D46DE8}") = "services", "services", "{8A3ED355-A062-4D4B-B4C2-7A48BA1060A4}"
	ProjectSection(SolutionItems) = preProject
		service-api.yaml = service-api.yaml
		service-grafana.yaml = service-grafana.yaml
		service-prometheus.yaml = service-prometheus.yaml
		service-rabbitmq.yaml = service-rabbitmq.yaml
	EndProjectSection
EndProject
Global
	GlobalSection(SolutionConfigurationPlatforms) = preSolution
		Debug|Any CPU = Debug|Any CPU
		Release|Any CPU = Release|Any CPU
	EndGlobalSection
	GlobalSection(ProjectConfigurationPlatforms) = postSolution
		{554A6218-E6D0-4C1D-A272-91BE26E854E9}.Debug|Any CPU.ActiveCfg = Debug|Any CPU
		{554A6218-E6D0-4C1D-A272-91BE26E854E9}.Debug|Any CPU.Build.0 = Debug|Any CPU
		{554A6218-E6D0-4C1D-A272-91BE26E854E9}.Release|Any CPU.ActiveCfg = Release|Any CPU
		{554A6218-E6D0-4C1D-A272-91BE26E854E9}.Release|Any CPU.Build.0 = Release|Any CPU
		{EDE737F6-5984-4EDA-8248-7D85359B1140}.Debug|Any CPU.ActiveCfg = Debug|Any CPU
		{EDE737F6-5984-4EDA-8248-7D85359B1140}.Debug|Any CPU.Build.0 = Debug|Any CPU
		{EDE737F6-5984-4EDA-8248-7D85359B1140}.Release|Any CPU.ActiveCfg = Release|Any CPU
		{EDE737F6-5984-4EDA-8248-7D85359B1140}.Release|Any CPU.Build.0 = Release|Any CPU
		{08F5997F-D028-4783-B88B-0772C9FFE04B}.Debug|Any CPU.ActiveCfg = Debug|Any CPU
		{08F5997F-D028-4783-B88B-0772C9FFE04B}.Debug|Any CPU.Build.0 = Debug|Any CPU
		{08F5997F-D028-4783-B88B-0772C9FFE04B}.Release|Any CPU.ActiveCfg = Release|Any CPU
		{08F5997F-D028-4783-B88B-0772C9FFE04B}.Release|Any CPU.Build.0 = Release|Any CPU
		{B07B6BEF-A15E-4E4C-837A-55DC36E600BA}.Debug|Any CPU.ActiveCfg = Debug|Any CPU
		{B07B6BEF-A15E-4E4C-837A-55DC36E600BA}.Debug|Any CPU.Build.0 = Debug|Any CPU
		{B07B6BEF-A15E-4E4C-837A-55DC36E600BA}.Release|Any CPU.ActiveCfg = Release|Any CPU
		{B07B6BEF-A15E-4E4C-837A-55DC36E600BA}.Release|Any CPU.Build.0 = Release|Any CPU
		{E105F07B-A29D-41A5-911E-4D5CC0401109}.Debug|Any CPU.ActiveCfg = Debug|Any CPU
		{E105F07B-A29D-41A5-911E-4D5CC0401109}.Debug|Any CPU.Build.0 = Debug|Any CPU
		{E105F07B-A29D-41A5-911E-4D5CC0401109}.Release|Any CPU.ActiveCfg = Release|Any CPU
		{E105F07B-A29D-41A5-911E-4D5CC0401109}.Release|Any CPU.Build.0 = Release|Any CPU
		{3A83B9DD-4AF4-4DB6-A9A6-E5B979742C76}.Debug|Any CPU.ActiveCfg = Debug|Any CPU
		{3A83B9DD-4AF4-4DB6-A9A6-E5B979742C76}.Debug|Any CPU.Build.0 = Debug|Any CPU
		{3A83B9DD-4AF4-4DB6-A9A6-E5B979742C76}.Release|Any CPU.ActiveCfg = Release|Any CPU
		{3A83B9DD-4AF4-4DB6-A9A6-E5B979742C76}.Release|Any CPU.Build.0 = Release|Any CPU
		{4CA3B3DB-1E0D-4A7F-BE66-5F917656C36D}.Debug|Any CPU.ActiveCfg = Debug|Any CPU
		{4CA3B3DB-1E0D-4A7F-BE66-5F917656C36D}.Debug|Any CPU.Build.0 = Debug|Any CPU
		{4CA3B3DB-1E0D-4A7F-BE66-5F917656C36D}.Release|Any CPU.ActiveCfg = Release|Any CPU
		{4CA3B3DB-1E0D-4A7F-BE66-5F917656C36D}.Release|Any CPU.Build.0 = Release|Any CPU
		{2792BE55-D65F-4F28-8D40-D311BC2D7FCB}.Debug|Any CPU.ActiveCfg = Debug|Any CPU
		{2792BE55-D65F-4F28-8D40-D311BC2D7FCB}.Debug|Any CPU.Build.0 = Debug|Any CPU
		{2792BE55-D65F-4F28-8D40-D311BC2D7FCB}.Release|Any CPU.ActiveCfg = Release|Any CPU
		{2792BE55-D65F-4F28-8D40-D311BC2D7FCB}.Release|Any CPU.Build.0 = Release|Any CPU
		{7EA224C2-5DCA-4975-A879-CD304DC8AEC9}.Debug|Any CPU.ActiveCfg = Debug|Any CPU
		{7EA224C2-5DCA-4975-A879-CD304DC8AEC9}.Debug|Any CPU.Build.0 = Debug|Any CPU
		{7EA224C2-5DCA-4975-A879-CD304DC8AEC9}.Release|Any CPU.ActiveCfg = Release|Any CPU
		{7EA224C2-5DCA-4975-A879-CD304DC8AEC9}.Release|Any CPU.Build.0 = Release|Any CPU
		{0B5AED69-F24A-455D-808D-C949D104A4E2}.Debug|Any CPU.ActiveCfg = Debug|Any CPU
		{0B5AED69-F24A-455D-808D-C949D104A4E2}.Debug|Any CPU.Build.0 = Debug|Any CPU
		{0B5AED69-F24A-455D-808D-C949D104A4E2}.Release|Any CPU.ActiveCfg = Release|Any CPU
		{0B5AED69-F24A-455D-808D-C949D104A4E2}.Release|Any CPU.Build.0 = Release|Any CPU
		{A2E44942-4474-4B96-A3F9-02DEDF01CDA7}.Debug|Any CPU.ActiveCfg = Debug|Any CPU
		{A2E44942-4474-4B96-A3F9-02DEDF01CDA7}.Debug|Any CPU.Build.0 = Debug|Any CPU
		{A2E44942-4474-4B96-A3F9-02DEDF01CDA7}.Release|Any CPU.ActiveCfg = Release|Any CPU
		{A2E44942-4474-4B96-A3F9-02DEDF01CDA7}.Release|Any CPU.Build.0 = Release|Any CPU
		{5400972A-01E3-4EBC-B739-CA15B68778C0}.Debug|Any CPU.ActiveCfg = Debug|Any CPU
		{5400972A-01E3-4EBC-B739-CA15B68778C0}.Debug|Any CPU.Build.0 = Debug|Any CPU
		{5400972A-01E3-4EBC-B739-CA15B68778C0}.Release|Any CPU.ActiveCfg = Release|Any CPU
		{5400972A-01E3-4EBC-B739-CA15B68778C0}.Release|Any CPU.Build.0 = Release|Any CPU
		{9A4E1A18-D510-4CF9-BD87-79D2B45CF023}.Debug|Any CPU.ActiveCfg = Debug|Any CPU
		{9A4E1A18-D510-4CF9-BD87-79D2B45CF023}.Debug|Any CPU.Build.0 = Debug|Any CPU
		{9A4E1A18-D510-4CF9-BD87-79D2B45CF023}.Release|Any CPU.ActiveCfg = Release|Any CPU
		{9A4E1A18-D510-4CF9-BD87-79D2B45CF023}.Release|Any CPU.Build.0 = Release|Any CPU
		{EA274B58-E2B4-4B60-BE19-D33384EA2E43}.Debug|Any CPU.ActiveCfg = Debug|Any CPU
		{EA274B58-E2B4-4B60-BE19-D33384EA2E43}.Debug|Any CPU.Build.0 = Debug|Any CPU
		{EA274B58-E2B4-4B60-BE19-D33384EA2E43}.Release|Any CPU.ActiveCfg = Release|Any CPU
		{EA274B58-E2B4-4B60-BE19-D33384EA2E43}.Release|Any CPU.Build.0 = Release|Any CPU
	EndGlobalSection
	GlobalSection(SolutionProperties) = preSolution
		HideSolutionNode = FALSE
	EndGlobalSection
	GlobalSection(NestedProjects) = preSolution
		{554A6218-E6D0-4C1D-A272-91BE26E854E9} = {DCA659E7-64A0-47A1-BD5F-6FAA7A08445A}
		{EDE737F6-5984-4EDA-8248-7D85359B1140} = {B7DBCBA3-D06A-4EEB-A5F7-156404DF19F1}
		{08F5997F-D028-4783-B88B-0772C9FFE04B} = {F4E2D591-B541-4A5C-AF29-AF0C296B1A7E}
		{A79FE4E2-74B1-4F5D-8EA0-EDFA05F92386} = {E7F0CCC3-B1B9-4A69-BD73-686655E5B71E}
		{FC6D5829-81CD-4467-97AC-9CF6FB904DB0} = {B0A8211E-DF77-49E6-BFF2-9831FCB4EE18}
		{70644BF4-3296-41FC-9C63-72F729041B06} = {B0A8211E-DF77-49E6-BFF2-9831FCB4EE18}
		{B07B6BEF-A15E-4E4C-837A-55DC36E600BA} = {FC6D5829-81CD-4467-97AC-9CF6FB904DB0}
		{E105F07B-A29D-41A5-911E-4D5CC0401109} = {A79FE4E2-74B1-4F5D-8EA0-EDFA05F92386}
		{3A83B9DD-4AF4-4DB6-A9A6-E5B979742C76} = {70644BF4-3296-41FC-9C63-72F729041B06}
		{1DC89F14-680B-461B-ABA6-E08641B73551} = {B0A8211E-DF77-49E6-BFF2-9831FCB4EE18}
		{4CA3B3DB-1E0D-4A7F-BE66-5F917656C36D} = {1DC89F14-680B-461B-ABA6-E08641B73551}
		{2792BE55-D65F-4F28-8D40-D311BC2D7FCB} = {F4E2D591-B541-4A5C-AF29-AF0C296B1A7E}
		{7EA224C2-5DCA-4975-A879-CD304DC8AEC9} = {EC808001-A156-4F0E-8F4F-14DDA3B2F087}
		{0B5AED69-F24A-455D-808D-C949D104A4E2} = {B7DBCBA3-D06A-4EEB-A5F7-156404DF19F1}
		{A2E44942-4474-4B96-A3F9-02DEDF01CDA7} = {DCA659E7-64A0-47A1-BD5F-6FAA7A08445A}
		{9A4E1A18-D510-4CF9-BD87-79D2B45CF023} = {A79FE4E2-74B1-4F5D-8EA0-EDFA05F92386}
		{EA274B58-E2B4-4B60-BE19-D33384EA2E43} = {B24CE7B5-EA83-4826-BA9D-7CF4862C6AAA}
		{5E84A2AF-0B4C-41E1-98BE-BA0FCEB83585} = {43668690-6721-4138-AD71-ADF9AB1F3493}
		{8A3ED355-A062-4D4B-B4C2-7A48BA1060A4} = {43668690-6721-4138-AD71-ADF9AB1F3493}
	EndGlobalSection
	GlobalSection(ExtensibilityGlobals) = postSolution
		SolutionGuid = {EEC60765-1A3F-4DD7-B75D-B85FA7EED3F7}
	EndGlobalSection
EndGlobal
